
Microsoft Visual Studio Solution File, Format Version 12.00
# Visual Studio Version 16
VisualStudioVersion = 16.0.29613.14
MinimumVisualStudioVersion = 10.0.40219.1
Project("{8BC9CEB8-8B4A-11D0-8D11-00A0C91BC942}") = "watermark_disabler", "watermark_disabler\watermark_disabler.vcxproj", "{99ADE163-A416-41D2-991E-99E598476DB8}"
EndProject
Global
	GlobalSection(SolutionConfigurationPlatforms) = preSolution
		Debug|ARM = Debug|ARM
		Debug|ARM64 = Debug|ARM64
		Debug|x64 = Debug|x64
		Debug|x86 = Debug|x86
		Release|ARM = Release|ARM
		Release|ARM64 = Release|ARM64
		Release|x64 = Release|x64
		Release|x86 = Release|x86
	EndGlobalSection
	GlobalSection(ProjectConfigurationPlatforms) = postSolution
		{99ADE163-A416-41D2-991E-99E598476DB8}.Debug|ARM.ActiveCfg = Debug|ARM
		{99ADE163-A416-41D2-991E-99E598476DB8}.Debug|ARM.Build.0 = Debug|ARM
		{99ADE163-A416-41D2-991E-99E598476DB8}.Debug|ARM.Deploy.0 = Debug|ARM
		{99ADE163-A416-41D2-991E-99E598476DB8}.Debug|ARM64.ActiveCfg = Debug|ARM64
		{99ADE163-A416-41D2-991E-99E598476DB8}.Debug|ARM64.Build.0 = Debug|ARM64
		{99ADE163-A416-41D2-991E-99E598476DB8}.Debug|ARM64.Deploy.0 = Debug|ARM64
		{99ADE163-A416-41D2-991E-99E598476DB8}.Debug|x64.ActiveCfg = Debug|x64
		{99ADE163-A416-41D2-991E-99E598476DB8}.Debug|x64.Build.0 = Debug|x64
		{99ADE163-A416-41D2-991E-99E598476DB8}.Debug|x64.Deploy.0 = Debug|x64
		{99ADE163-A416-41D2-991E-99E598476DB8}.Debug|x86.ActiveCfg = Debug|Win32
		{99ADE163-A416-41D2-991E-99E598476DB8}.Debug|x86.Build.0 = Debug|Win32
		{99ADE163-A416-41D2-991E-99E598476DB8}.Debug|x86.Deploy.0 = Debug|Win32
		{99ADE163-A416-41D2-991E-99E598476DB8}.Release|ARM.ActiveCfg = Release|ARM
		{99ADE163-A416-41D2-991E-99E598476DB8}.Release|ARM.Build.0 = Release|ARM
		{99ADE163-A416-41D2-991E-99E598476DB8}.Release|ARM.Deploy.0 = Release|ARM
		{99ADE163-A416-41D2-991E-99E598476DB8}.Release|ARM64.ActiveCfg = Release|ARM64
		{99ADE163-A416-41D2-991E-99E598476DB8}.Release|ARM64.Build.0 = Release|ARM64
		{99ADE163-A416-41D2-991E-99E598476DB8}.Release|ARM64.Deploy.0 = Release|ARM64
		{99ADE163-A416-41D2-991E-99E598476DB8}.Release|x64.ActiveCfg = Release|x64
		{99ADE163-A416-41D2-991E-99E598476DB8}.Release|x64.Build.0 = Release|x64
		{99ADE163-A416-41D2-991E-99E598476DB8}.Release|x64.Deploy.0 = Release|x64
		{99ADE163-A416-41D2-991E-99E598476DB8}.Release|x86.ActiveCfg = Release|Win32
		{99ADE163-A416-41D2-991E-99E598476DB8}.Release|x86.Build.0 = Release|Win32
		{99ADE163-A416-41D2-991E-99E598476DB8}.Release|x86.Deploy.0 = Release|Win32
	EndGlobalSection
	GlobalSection(SolutionProperties) = preSolution
		HideSolutionNode = FALSE
	EndGlobalSection
	GlobalSection(ExtensibilityGlobals) = postSolution
		SolutionGuid = {F6ECE478-6ED3-4B08-8434-8629DF60A65D}
	EndGlobalSection
EndGlobal
